
Microsoft Visual Studio Solution File, Format Version 12.00
# Visual Studio Version 17
VisualStudioVersion = 17.13.35931.197 d17.13
MinimumVisualStudioVersion = 10.0.40219.1
Project("{FAE04EC0-301F-11D3-BF4B-00C04F79EFBC}") = "Xadrez Console", "Xadrez Console\Xadrez Console.csproj", "{B8CF81FC-A606-4655-8EFE-171F7D3FF840}"
EndProject
Global
	GlobalSection(SolutionConfigurationPlatforms) = preSolution
		Debug|Any CPU = Debug|Any CPU
		Release|Any CPU = Release|Any CPU
	EndGlobalSection
	GlobalSection(ProjectConfigurationPlatforms) = postSolution
		{B8CF81FC-A606-4655-8EFE-171F7D3FF840}.Debug|Any CPU.ActiveCfg = Debug|Any CPU
		{B8CF81FC-A606-4655-8EFE-171F7D3FF840}.Debug|Any CPU.Build.0 = Debug|Any CPU
		{B8CF81FC-A606-4655-8EFE-171F7D3FF840}.Release|Any CPU.ActiveCfg = Release|Any CPU
		{B8CF81FC-A606-4655-8EFE-171F7D3FF840}.Release|Any CPU.Build.0 = Release|Any CPU
	EndGlobalSection
	GlobalSection(SolutionProperties) = preSolution
		HideSolutionNode = FALSE
	EndGlobalSection
	GlobalSection(ExtensibilityGlobals) = postSolution
		SolutionGuid = {33E47465-5A43-4374-B017-EC45DF52D391}
	EndGlobalSection
EndGlobal
